<?xml version="1.0" encoding="utf-8"?>
<Project ToolsVersion="4.0" xmlns="http://schemas.microsoft.com/developer/msbuild/2003">
  <ItemGroup>
    <ClCompile Include="3dMath.cpp" />
  </ItemGroup>
  <ItemGroup>
    <ClInclude Include="Base\point.h">
      <Filter>Base</Filter>
    </ClInclude>
    <ClInclude Include="Base\quaternion.h">
      <Filter>Base</Filter>
    </ClInclude>
    <ClInclude Include="Base\vector.h">
      <Filter>Base</Filter>
    </ClInclude>
    <ClInclude Include="Base\core.h">
      <Filter>Base</Filter>
    </ClInclude>
    <ClInclude Include="Base\math3d.h">
      <Filter>Base</Filter>
    </ClInclude>
    <ClInclude Include="Base\matrix.h">
      <Filter>Base</Filter>
    </ClInclude>
    <ClInclude Include="Base\transform.h">
      <Filter>Base</Filter>
    </ClInclude>
    <ClInclude Include="Base\bounds.h">
      <Filter>Base</Filter>
    </ClInclude>
    <ClInclude Include="..\..\RayTracer\3DMath\3dMath\Base\ray.h">
      <Filter>Base</Filter>
    </ClInclude>
  </ItemGroup>
  <ItemGroup>
    <Text Include="ReadMe.txt" />
  </ItemGroup>
  <ItemGroup>
    <Filter Include="Base">
      <UniqueIdentifier>{c4badd62-a01d-4fba-82e6-c65043dc93f9}</UniqueIdentifier>
    </Filter>
  </ItemGroup>
</Project>